// !$*UTF8*$!
{
	archiveVersion = 1;
	classes = {
	};
	objectVersion = 50;
	objects = {

/* Begin PBXBuildFile section */
		823505A3209E275B004F1A23 /* AppDelegate.swift in Sources */ = {isa = PBXBuildFile; fileRef = 823505A2209E275B004F1A23 /* AppDelegate.swift */; };
		823505A8209E275B004F1A23 /* Main.storyboard in Resources */ = {isa = PBXBuildFile; fileRef = 823505A6209E275B004F1A23 /* Main.storyboard */; };
		823505AB209E275B004F1A23 /* Twv8f9CoreData.xcdatamodeld in Sources */ = {isa = PBXBuildFile; fileRef = 823505A9209E275B004F1A23 /* Twv8f9CoreData.xcdatamodeld */; };
		823505AD209E275D004F1A23 /* Assets.xcassets in Resources */ = {isa = PBXBuildFile; fileRef = 823505AC209E275D004F1A23 /* Assets.xcassets */; };
		823505B0209E275D004F1A23 /* LaunchScreen.storyboard in Resources */ = {isa = PBXBuildFile; fileRef = 823505AE209E275D004F1A23 /* LaunchScreen.storyboard */; };
		823505BB209E275E004F1A23 /* Twv8f9CoreDataTests.swift in Sources */ = {isa = PBXBuildFile; fileRef = 823505BA209E275E004F1A23 /* Twv8f9CoreDataTests.swift */; };
		823505C6209E275E004F1A23 /* Twv8f9CoreDataUITests.swift in Sources */ = {isa = PBXBuildFile; fileRef = 823505C5209E275E004F1A23 /* Twv8f9CoreDataUITests.swift */; };
		823505D4209E296E004F1A23 /* MemeTableViewController.swift in Sources */ = {isa = PBXBuildFile; fileRef = 823505D3209E296E004F1A23 /* MemeTableViewController.swift */; };
		823505D6209E2C7E004F1A23 /* MemeViewController.swift in Sources */ = {isa = PBXBuildFile; fileRef = 823505D5209E2C7E004F1A23 /* MemeViewController.swift */; };
/* End PBXBuildFile section */

/* Begin PBXContainerItemProxy section */
		823505B7209E275E004F1A23 /* PBXContainerItemProxy */ = {
			isa = PBXContainerItemProxy;
			containerPortal = 82350597209E275A004F1A23 /* Project object */;
			proxyType = 1;
			remoteGlobalIDString = 8235059E209E275A004F1A23;
			remoteInfo = Twv8f9CoreData;
		};
		823505C2209E275E004F1A23 /* PBXContainerItemProxy */ = {
			isa = PBXContainerItemProxy;
			containerPortal = 82350597209E275A004F1A23 /* Project object */;
			proxyType = 1;
			remoteGlobalIDString = 8235059E209E275A004F1A23;
			remoteInfo = Twv8f9CoreData;
		};
/* End PBXContainerItemProxy section */

/* Begin PBXFileReference section */
		8235059F209E275B004F1A23 /* Twv8f9CoreData.app */ = {isa = PBXFileReference; explicitFileType = wrapper.application; includeInIndex = 0; path = Twv8f9CoreData.app; sourceTree = BUILT_PRODUCTS_DIR; };
		823505A2209E275B004F1A23 /* AppDelegate.swift */ = {isa = PBXFileReference; lastKnownFileType = sourcecode.swift; path = AppDelegate.swift; sourceTree = "<group>"; };
		823505A7209E275B004F1A23 /* Base */ = {isa = PBXFileReference; lastKnownFileType = file.storyboard; name = Base; path = Base.lproj/Main.storyboard; sourceTree = "<group>"; };
		823505AA209E275B004F1A23 /* Twv8f9CoreData.xcdatamodel */ = {isa = PBXFileReference; lastKnownFileType = wrapper.xcdatamodel; path = Twv8f9CoreData.xcdatamodel; sourceTree = "<group>"; };
		823505AC209E275D004F1A23 /* Assets.xcassets */ = {isa = PBXFileReference; lastKnownFileType = folder.assetcatalog; path = Assets.xcassets; sourceTree = "<group>"; };
		823505AF209E275D004F1A23 /* Base */ = {isa = PBXFileReference; lastKnownFileType = file.storyboard; name = Base; path = Base.lproj/LaunchScreen.storyboard; sourceTree = "<group>"; };
		823505B1209E275D004F1A23 /* Info.plist */ = {isa = PBXFileReference; lastKnownFileType = text.plist.xml; path = Info.plist; sourceTree = "<group>"; };
		823505B6209E275E004F1A23 /* Twv8f9CoreDataTests.xctest */ = {isa = PBXFileReference; explicitFileType = wrapper.cfbundle; includeInIndex = 0; path = Twv8f9CoreDataTests.xctest; sourceTree = BUILT_PRODUCTS_DIR; };
		823505BA209E275E004F1A23 /* Twv8f9CoreDataTests.swift */ = {isa = PBXFileReference; lastKnownFileType = sourcecode.swift; path = Twv8f9CoreDataTests.swift; sourceTree = "<group>"; };
		823505BC209E275E004F1A23 /* Info.plist */ = {isa = PBXFileReference; lastKnownFileType = text.plist.xml; path = Info.plist; sourceTree = "<group>"; };
		823505C1209E275E004F1A23 /* Twv8f9CoreDataUITests.xctest */ = {isa = PBXFileReference; explicitFileType = wrapper.cfbundle; includeInIndex = 0; path = Twv8f9CoreDataUITests.xctest; sourceTree = BUILT_PRODUCTS_DIR; };
		823505C5209E275E004F1A23 /* Twv8f9CoreDataUITests.swift */ = {isa = PBXFileReference; lastKnownFileType = sourcecode.swift; path = Twv8f9CoreDataUITests.swift; sourceTree = "<group>"; };
		823505C7209E275E004F1A23 /* Info.plist */ = {isa = PBXFileReference; lastKnownFileType = text.plist.xml; path = Info.plist; sourceTree = "<group>"; };
		823505D3209E296E004F1A23 /* MemeTableViewController.swift */ = {isa = PBXFileReference; lastKnownFileType = sourcecode.swift; path = MemeTableViewController.swift; sourceTree = "<group>"; };
		823505D5209E2C7E004F1A23 /* MemeViewController.swift */ = {isa = PBXFileReference; lastKnownFileType = sourcecode.swift; path = MemeViewController.swift; sourceTree = "<group>"; };
/* End PBXFileReference section */

/* Begin PBXFrameworksBuildPhase section */
		8235059C209E275A004F1A23 /* Frameworks */ = {
			isa = PBXFrameworksBuildPhase;
			buildActionMask = 2147483647;
			files = (
			);
			runOnlyForDeploymentPostprocessing = 0;
		};
		823505B3209E275E004F1A23 /* Frameworks */ = {
			isa = PBXFrameworksBuildPhase;
			buildActionMask = 2147483647;
			files = (
			);
			runOnlyForDeploymentPostprocessing = 0;
		};
		823505BE209E275E004F1A23 /* Frameworks */ = {
			isa = PBXFrameworksBuildPhase;
			buildActionMask = 2147483647;
			files = (
			);
			runOnlyForDeploymentPostprocessing = 0;
		};
/* End PBXFrameworksBuildPhase section */

/* Begin PBXGroup section */
		82350596209E275A004F1A23 = {
			isa = PBXGroup;
			children = (
				823505A1209E275B004F1A23 /* Twv8f9CoreData */,
				823505B9209E275E004F1A23 /* Twv8f9CoreDataTests */,
				823505C4209E275E004F1A23 /* Twv8f9CoreDataUITests */,
				823505A0209E275B004F1A23 /* Products */,
			);
			sourceTree = "<group>";
		};
		823505A0209E275B004F1A23 /* Products */ = {
			isa = PBXGroup;
			children = (
				8235059F209E275B004F1A23 /* Twv8f9CoreData.app */,
				823505B6209E275E004F1A23 /* Twv8f9CoreDataTests.xctest */,
				823505C1209E275E004F1A23 /* Twv8f9CoreDataUITests.xctest */,
			);
			name = Products;
			sourceTree = "<group>";
		};
		823505A1209E275B004F1A23 /* Twv8f9CoreData */ = {
			isa = PBXGroup;
			children = (
				823505A2209E275B004F1A23 /* AppDelegate.swift */,
				823505A6209E275B004F1A23 /* Main.storyboard */,
				823505AC209E275D004F1A23 /* Assets.xcassets */,
				823505AE209E275D004F1A23 /* LaunchScreen.storyboard */,
				823505B1209E275D004F1A23 /* Info.plist */,
				823505A9209E275B004F1A23 /* Twv8f9CoreData.xcdatamodeld */,
				823505D3209E296E004F1A23 /* MemeTableViewController.swift */,
				823505D5209E2C7E004F1A23 /* MemeViewController.swift */,
			);
			path = Twv8f9CoreData;
			sourceTree = "<group>";
		};
		823505B9209E275E004F1A23 /* Twv8f9CoreDataTests */ = {
			isa = PBXGroup;
			children = (
				823505BA209E275E004F1A23 /* Twv8f9CoreDataTests.swift */,
				823505BC209E275E004F1A23 /* Info.plist */,
			);
			path = Twv8f9CoreDataTests;
			sourceTree = "<group>";
		};
		823505C4209E275E004F1A23 /* Twv8f9CoreDataUITests */ = {
			isa = PBXGroup;
			children = (
				823505C5209E275E004F1A23 /* Twv8f9CoreDataUITests.swift */,
				823505C7209E275E004F1A23 /* Info.plist */,
			);
			path = Twv8f9CoreDataUITests;
			sourceTree = "<group>";
		};
/* End PBXGroup section */

/* Begin PBXNativeTarget section */
		8235059E209E275A004F1A23 /* Twv8f9CoreData */ = {
			isa = PBXNativeTarget;
			buildConfigurationList = 823505CA209E275E004F1A23 /* Build configuration list for PBXNativeTarget "Twv8f9CoreData" */;
			buildPhases = (
				8235059B209E275A004F1A23 /* Sources */,
				8235059C209E275A004F1A23 /* Frameworks */,
				8235059D209E275A004F1A23 /* Resources */,
			);
			buildRules = (
			);
			dependencies = (
			);
			name = Twv8f9CoreData;
			productName = Twv8f9CoreData;
			productReference = 8235059F209E275B004F1A23 /* Twv8f9CoreData.app */;
			productType = "com.apple.product-type.application";
		};
		823505B5209E275E004F1A23 /* Twv8f9CoreDataTests */ = {
			isa = PBXNativeTarget;
			buildConfigurationList = 823505CD209E275E004F1A23 /* Build configuration list for PBXNativeTarget "Twv8f9CoreDataTests" */;
			buildPhases = (
				823505B2209E275E004F1A23 /* Sources */,
				823505B3209E275E004F1A23 /* Frameworks */,
				823505B4209E275E004F1A23 /* Resources */,
			);
			buildRules = (
			);
			dependencies = (
				823505B8209E275E004F1A23 /* PBXTargetDependency */,
			);
			name = Twv8f9CoreDataTests;
			productName = Twv8f9CoreDataTests;
			productReference = 823505B6209E275E004F1A23 /* Twv8f9CoreDataTests.xctest */;
			productType = "com.apple.product-type.bundle.unit-test";
		};
		823505C0209E275E004F1A23 /* Twv8f9CoreDataUITests */ = {
			isa = PBXNativeTarget;
			buildConfigurationList = 823505D0209E275E004F1A23 /* Build configuration list for PBXNativeTarget "Twv8f9CoreDataUITests" */;
			buildPhases = (
				823505BD209E275E004F1A23 /* Sources */,
				823505BE209E275E004F1A23 /* Frameworks */,
				823505BF209E275E004F1A23 /* Resources */,
			);
			buildRules = (
			);
			dependencies = (
				823505C3209E275E004F1A23 /* PBXTargetDependency */,
			);
			name = Twv8f9CoreDataUITests;
			productName = Twv8f9CoreDataUITests;
			productReference = 823505C1209E275E004F1A23 /* Twv8f9CoreDataUITests.xctest */;
			productType = "com.apple.product-type.bundle.ui-testing";
		};
/* End PBXNativeTarget section */

/* Begin PBXProject section */
		82350597209E275A004F1A23 /* Project object */ = {
			isa = PBXProject;
			attributes = {
				LastSwiftUpdateCheck = 0930;
				LastUpgradeCheck = 0930;
				ORGANIZATIONNAME = "Wills Van Doorn";
				TargetAttributes = {
					8235059E209E275A004F1A23 = {
						CreatedOnToolsVersion = 9.3;
					};
					823505B5209E275E004F1A23 = {
						CreatedOnToolsVersion = 9.3;
						TestTargetID = 8235059E209E275A004F1A23;
					};
					823505C0209E275E004F1A23 = {
						CreatedOnToolsVersion = 9.3;
						TestTargetID = 8235059E209E275A004F1A23;
					};
				};
			};
			buildConfigurationList = 8235059A209E275A004F1A23 /* Build configuration list for PBXProject "Twv8f9CoreData" */;
			compatibilityVersion = "Xcode 9.3";
			developmentRegion = en;
			hasScannedForEncodings = 0;
			knownRegions = (
				en,
				Base,
			);
			mainGroup = 82350596209E275A004F1A23;
			productRefGroup = 823505A0209E275B004F1A23 /* Products */;
			projectDirPath = "";
			projectRoot = "";
			targets = (
				8235059E209E275A004F1A23 /* Twv8f9CoreData */,
				823505B5209E275E004F1A23 /* Twv8f9CoreDataTests */,
				823505C0209E275E004F1A23 /* Twv8f9CoreDataUITests */,
			);
		};
/* End PBXProject section */

/* Begin PBXResourcesBuildPhase section */
		8235059D209E275A004F1A23 /* Resources */ = {
			isa = PBXResourcesBuildPhase;
			buildActionMask = 2147483647;
			files = (
				823505B0209E275D004F1A23 /* LaunchScreen.storyboard in Resources */,
				823505AD209E275D004F1A23 /* Assets.xcassets in Resources */,
				823505A8209E275B004F1A23 /* Main.storyboard in Resources */,
			);
			runOnlyForDeploymentPostprocessing = 0;
		};
		823505B4209E275E004F1A23 /* Resources */ = {
			isa = PBXResourcesBuildPhase;
			buildActionMask = 2147483647;
			files = (
			);
			runOnlyForDeploymentPostprocessing = 0;
		};
		823505BF209E275E004F1A23 /* Resources */ = {
			isa = PBXResourcesBuildPhase;
			buildActionMask = 2147483647;
			files = (
			);
			runOnlyForDeploymentPostprocessing = 0;
		};
/* End PBXResourcesBuildPhase section */

/* Begin PBXSourcesBuildPhase section */
		8235059B209E275A004F1A23 /* Sources */ = {
			isa = PBXSourcesBuildPhase;
			buildActionMask = 2147483647;
			files = (
				823505D4209E296E004F1A23 /* MemeTableViewController.swift in Sources */,
				823505AB209E275B004F1A23 /* Twv8f9CoreData.xcdatamodeld in Sources */,
				823505D6209E2C7E004F1A23 /* MemeViewController.swift in Sources */,
				823505A3209E275B004F1A23 /* AppDelegate.swift in Sources */,
			);
			runOnlyForDeploymentPostprocessing = 0;
		};
		823505B2209E275E004F1A23 /* Sources */ = {
			isa = PBXSourcesBuildPhase;
			buildActionMask = 2147483647;
			files = (
				823505BB209E275E004F1A23 /* Twv8f9CoreDataTests.swift in Sources */,
			);
			runOnlyForDeploymentPostprocessing = 0;
		};
		823505BD209E275E004F1A23 /* Sources */ = {
			isa = PBXSourcesBuildPhase;
			buildActionMask = 2147483647;
			files = (
				823505C6209E275E004F1A23 /* Twv8f9CoreDataUITests.swift in Sources */,
			);
			runOnlyForDeploymentPostprocessing = 0;
		};
/* End PBXSourcesBuildPhase section */

/* Begin PBXTargetDependency section */
		823505B8209E275E004F1A23 /* PBXTargetDependency */ = {
			isa = PBXTargetDependency;
			target = 8235059E209E275A004F1A23 /* Twv8f9CoreData */;
			targetProxy = 823505B7209E275E004F1A23 /* PBXContainerItemProxy */;
		};
		823505C3209E275E004F1A23 /* PBXTargetDependency */ = {
			isa = PBXTargetDependency;
			target = 8235059E209E275A004F1A23 /* Twv8f9CoreData */;
			targetProxy = 823505C2209E275E004F1A23 /* PBXContainerItemProxy */;
		};
/* End PBXTargetDependency section */

/* Begin PBXVariantGroup section */
		823505A6209E275B004F1A23 /* Main.storyboard */ = {
			isa = PBXVariantGroup;
			children = (
				823505A7209E275B004F1A23 /* Base */,
			);
			name = Main.storyboard;
			sourceTree = "<group>";
		};
		823505AE209E275D004F1A23 /* LaunchScreen.storyboard */ = {
			isa = PBXVariantGroup;
			children = (
				823505AF209E275D004F1A23 /* Base */,
			);
			name = LaunchScreen.storyboard;
			sourceTree = "<group>";
		};
/* End PBXVariantGroup section */

/* Begin XCBuildConfiguration section */
		823505C8209E275E004F1A23 /* Debug */ = {
			isa = XCBuildConfiguration;
			buildSettings = {
				ALWAYS_SEARCH_USER_PATHS = NO;
				CLANG_ANALYZER_NONNULL = YES;
				CLANG_ANALYZER_NUMBER_OBJECT_CONVERSION = YES_AGGRESSIVE;
				CLANG_CXX_LANGUAGE_STANDARD = "gnu++14";
				CLANG_CXX_LIBRARY = "libc++";
				CLANG_ENABLE_MODULES = YES;
				CLANG_ENABLE_OBJC_ARC = YES;
				CLANG_ENABLE_OBJC_WEAK = YES;
				CLANG_WARN_BLOCK_CAPTURE_AUTORELEASING = YES;
				CLANG_WARN_BOOL_CONVERSION = YES;
				CLANG_WARN_COMMA = YES;
				CLANG_WARN_CONSTANT_CONVERSION = YES;
				CLANG_WARN_DEPRECATED_OBJC_IMPLEMENTATIONS = YES;
				CLANG_WARN_DIRECT_OBJC_ISA_USAGE = YES_ERROR;
				CLANG_WARN_DOCUMENTATION_COMMENTS = YES;
				CLANG_WARN_EMPTY_BODY = YES;
				CLANG_WARN_ENUM_CONVERSION = YES;
				CLANG_WARN_INFINITE_RECURSION = YES;
				CLANG_WARN_INT_CONVERSION = YES;
				CLANG_WARN_NON_LITERAL_NULL_CONVERSION = YES;
				CLANG_WARN_OBJC_IMPLICIT_RETAIN_SELF = YES;
				CLANG_WARN_OBJC_LITERAL_CONVERSION = YES;
				CLANG_WARN_OBJC_ROOT_CLASS = YES_ERROR;
				CLANG_WARN_RANGE_LOOP_ANALYSIS = YES;
				CLANG_WARN_STRICT_PROTOTYPES = YES;
				CLANG_WARN_SUSPICIOUS_MOVE = YES;
				CLANG_WARN_UNGUARDED_AVAILABILITY = YES_AGGRESSIVE;
				CLANG_WARN_UNREACHABLE_CODE = YES;
				CLANG_WARN__DUPLICATE_METHOD_MATCH = YES;
				CODE_SIGN_IDENTITY = "iPhone Developer";
				COPY_PHASE_STRIP = NO;
				DEBUG_INFORMATION_FORMAT = dwarf;
				ENABLE_STRICT_OBJC_MSGSEND = YES;
				ENABLE_TESTABILITY = YES;
				GCC_C_LANGUAGE_STANDARD = gnu11;
				GCC_DYNAMIC_NO_PIC = NO;
				GCC_NO_COMMON_BLOCKS = YES;
				GCC_OPTIMIZATION_LEVEL = 0;
				GCC_PREPROCESSOR_DEFINITIONS = (
					"DEBUG=1",
					"$(inherited)",
				);
				GCC_WARN_64_TO_32_BIT_CONVERSION = YES;
				GCC_WARN_ABOUT_RETURN_TYPE = YES_ERROR;
				GCC_WARN_UNDECLARED_SELECTOR = YES;
				GCC_WARN_UNINITIALIZED_AUTOS = YES_AGGRESSIVE;
				GCC_WARN_UNUSED_FUNCTION = YES;
				GCC_WARN_UNUSED_VARIABLE = YES;
				IPHONEOS_DEPLOYMENT_TARGET = 11.3;
				MTL_ENABLE_DEBUG_INFO = YES;
				ONLY_ACTIVE_ARCH = YES;
				SDKROOT = iphoneos;
				SWIFT_ACTIVE_COMPILATION_CONDITIONS = DEBUG;
				SWIFT_OPTIMIZATION_LEVEL = "-Onone";
			};
			name = Debug;
		};
		823505C9209E275E004F1A23 /* Release */ = {
			isa = XCBuildConfiguration;
			buildSettings = {
				ALWAYS_SEARCH_USER_PATHS = NO;
				CLANG_ANALYZER_NONNULL = YES;
				CLANG_ANALYZER_NUMBER_OBJECT_CONVERSION = YES_AGGRESSIVE;
				CLANG_CXX_LANGUAGE_STANDARD = "gnu++14";
				CLANG_CXX_LIBRARY = "libc++";
				CLANG_ENABLE_MODULES = YES;
				CLANG_ENABLE_OBJC_ARC = YES;
				CLANG_ENABLE_OBJC_WEAK = YES;
				CLANG_WARN_BLOCK_CAPTURE_AUTORELEASING = YES;
				CLANG_WARN_BOOL_CONVERSION = YES;
				CLANG_WARN_COMMA = YES;
				CLANG_WARN_CONSTANT_CONVERSION = YES;
				CLANG_WARN_DEPRECATED_OBJC_IMPLEMENTATIONS = YES;
				CLANG_WARN_DIRECT_OBJC_ISA_USAGE = YES_ERROR;
				CLANG_WARN_DOCUMENTATION_COMMENTS = YES;
				CLANG_WARN_EMPTY_BODY = YES;
				CLANG_WARN_ENUM_CONVERSION = YES;
				CLANG_WARN_INFINITE_RECURSION = YES;
				CLANG_WARN_INT_CONVERSION = YES;
				CLANG_WARN_NON_LITERAL_NULL_CONVERSION = YES;
				CLANG_WARN_OBJC_IMPLICIT_RETAIN_SELF = YES;
				CLANG_WARN_OBJC_LITERAL_CONVERSION = YES;
				CLANG_WARN_OBJC_ROOT_CLASS = YES_ERROR;
				CLANG_WARN_RANGE_LOOP_ANALYSIS = YES;
				CLANG_WARN_STRICT_PROTOTYPES = YES;
				CLANG_WARN_SUSPICIOUS_MOVE = YES;
				CLANG_WARN_UNGUARDED_AVAILABILITY = YES_AGGRESSIVE;
				CLANG_WARN_UNREACHABLE_CODE = YES;
				CLANG_WARN__DUPLICATE_METHOD_MATCH = YES;
				CODE_SIGN_IDENTITY = "iPhone Developer";
				COPY_PHASE_STRIP = NO;
				DEBUG_INFORMATION_FORMAT = "dwarf-with-dsym";
				ENABLE_NS_ASSERTIONS = NO;
				ENABLE_STRICT_OBJC_MSGSEND = YES;
				GCC_C_LANGUAGE_STANDARD = gnu11;
				GCC_NO_COMMON_BLOCKS = YES;
				GCC_WARN_64_TO_32_BIT_CONVERSION = YES;
				GCC_WARN_ABOUT_RETURN_TYPE = YES_ERROR;
				GCC_WARN_UNDECLARED_SELECTOR = YES;
				GCC_WARN_UNINITIALIZED_AUTOS = YES_AGGRESSIVE;
				GCC_WARN_UNUSED_FUNCTION = YES;
				GCC_WARN_UNUSED_VARIABLE = YES;
				IPHONEOS_DEPLOYMENT_TARGET = 11.3;
				MTL_ENABLE_DEBUG_INFO = NO;
				SDKROOT = iphoneos;
				SWIFT_COMPILATION_MODE = wholemodule;
				SWIFT_OPTIMIZATION_LEVEL = "-O";
				VALIDATE_PRODUCT = YES;
			};
			name = Release;
		};
		823505CB209E275E004F1A23 /* Debug */ = {
			isa = XCBuildConfiguration;
			buildSettings = {
				ASSETCATALOG_COMPILER_APPICON_NAME = AppIcon;
				CODE_SIGN_STYLE = Automatic;
				DEVELOPMENT_TEAM = 2SJ9US79YS;
				INFOPLIST_FILE = Twv8f9CoreData/Info.plist;
				LD_RUNPATH_SEARCH_PATHS = (
					"$(inherited)",
					"@executable_path/Frameworks",
				);
				PRODUCT_BUNDLE_IDENTIFIER = CoreData.Twv8f9CoreData;
				PRODUCT_NAME = "$(TARGET_NAME)";
				SWIFT_VERSION = 4.0;
				TARGETED_DEVICE_FAMILY = "1,2";
			};
			name = Debug;
		};
		823505CC209E275E004F1A23 /* Release */ = {
			isa = XCBuildConfiguration;
			buildSettings = {
				ASSETCATALOG_COMPILER_APPICON_NAME = AppIcon;
				CODE_SIGN_STYLE = Automatic;
				DEVELOPMENT_TEAM = 2SJ9US79YS;
				INFOPLIST_FILE = Twv8f9CoreData/Info.plist;
				LD_RUNPATH_SEARCH_PATHS = (
					"$(inherited)",
					"@executable_path/Frameworks",
				);
				PRODUCT_BUNDLE_IDENTIFIER = CoreData.Twv8f9CoreData;
				PRODUCT_NAME = "$(TARGET_NAME)";
				SWIFT_VERSION = 4.0;
				TARGETED_DEVICE_FAMILY = "1,2";
			};
			name = Release;
		};
		823505CE209E275E004F1A23 /* Debug */ = {
			isa = XCBuildConfiguration;
			buildSettings = {
				ALWAYS_EMBED_SWIFT_STANDARD_LIBRARIES = YES;
				BUNDLE_LOADER = "$(TEST_HOST)";
				CODE_SIGN_STYLE = Automatic;
				DEVELOPMENT_TEAM = 2SJ9US79YS;
				INFOPLIST_FILE = Twv8f9CoreDataTests/Info.plist;
				LD_RUNPATH_SEARCH_PATHS = (
					"$(inherited)",
					"@executable_path/Frameworks",
					"@loader_path/Frameworks",
				);
				PRODUCT_BUNDLE_IDENTIFIER = CoreData.Twv8f9CoreDataTests;
				PRODUCT_NAME = "$(TARGET_NAME)";
				SWIFT_VERSION = 4.0;
				TARGETED_DEVICE_FAMILY = "1,2";
				TEST_HOST = "$(BUILT_PRODUCTS_DIR)/Twv8f9CoreData.app/Twv8f9CoreData";
			};
			name = Debug;
		};
		823505CF209E275E004F1A23 /* Release */ = {
			isa = XCBuildConfiguration;
			buildSettings = {
				ALWAYS_EMBED_SWIFT_STANDARD_LIBRARIES = YES;
				BUNDLE_LOADER = "$(TEST_HOST)";
				CODE_SIGN_STYLE = Automatic;
				DEVELOPMENT_TEAM = 2SJ9US79YS;
				INFOPLIST_FILE = Twv8f9CoreDataTests/Info.plist;
				LD_RUNPATH_SEARCH_PATHS = (
					"$(inherited)",
					"@executable_path/Frameworks",
					"@loader_path/Frameworks",
				);
				PRODUCT_BUNDLE_IDENTIFIER = CoreData.Twv8f9CoreDataTests;
				PRODUCT_NAME = "$(TARGET_NAME)";
				SWIFT_VERSION = 4.0;
				TARGETED_DEVICE_FAMILY = "1,2";
				TEST_HOST = "$(BUILT_PRODUCTS_DIR)/Twv8f9CoreData.app/Twv8f9CoreData";
			};
			name = Release;
		};
		823505D1209E275E004F1A23 /* Debug */ = {
			isa = XCBuildConfiguration;
			buildSettings = {
				ALWAYS_EMBED_SWIFT_STANDARD_LIBRARIES = YES;
				CODE_SIGN_STYLE = Automatic;
				DEVELOPMENT_TEAM = 2SJ9US79YS;
				INFOPLIST_FILE = Twv8f9CoreDataUITests/Info.plist;
				LD_RUNPATH_SEARCH_PATHS = (
					"$(inherited)",
					"@executable_path/Frameworks",
					"@loader_path/Frameworks",
				);
				PRODUCT_BUNDLE_IDENTIFIER = CoreData.Twv8f9CoreDataUITests;
				PRODUCT_NAME = "$(TARGET_NAME)";
				SWIFT_VERSION = 4.0;
				TARGETED_DEVICE_FAMILY = "1,2";
				TEST_TARGET_NAME = Twv8f9CoreData;
			};
			name = Debug;
		};
		823505D2209E275E004F1A23 /* Release */ = {
			isa = XCBuildConfiguration;
			buildSettings = {
				ALWAYS_EMBED_SWIFT_STANDARD_LIBRARIES = YES;
				CODE_SIGN_STYLE = Automatic;
				DEVELOPMENT_TEAM = 2SJ9US79YS;
				INFOPLIST_FILE = Twv8f9CoreDataUITests/Info.plist;
				LD_RUNPATH_SEARCH_PATHS = (
					"$(inherited)",
					"@executable_path/Frameworks",
					"@loader_path/Frameworks",
				);
				PRODUCT_BUNDLE_IDENTIFIER = CoreData.Twv8f9CoreDataUITests;
				PRODUCT_NAME = "$(TARGET_NAME)";
				SWIFT_VERSION = 4.0;
				TARGETED_DEVICE_FAMILY = "1,2";
				TEST_TARGET_NAME = Twv8f9CoreData;
			};
			name = Release;
		};
/* End XCBuildConfiguration section */

/* Begin XCConfigurationList section */
		8235059A209E275A004F1A23 /* Build configuration list for PBXProject "Twv8f9CoreData" */ = {
			isa = XCConfigurationList;
			buildConfigurations = (
				823505C8209E275E004F1A23 /* Debug */,
				823505C9209E275E004F1A23 /* Release */,
			);
			defaultConfigurationIsVisible = 0;
			defaultConfigurationName = Release;
		};
		823505CA209E275E004F1A23 /* Build configuration list for PBXNativeTarget "Twv8f9CoreData" */ = {
			isa = XCConfigurationList;
			buildConfigurations = (
				823505CB209E275E004F1A23 /* Debug */,
				823505CC209E275E004F1A23 /* Release */,
			);
			defaultConfigurationIsVisible = 0;
			defaultConfigurationName = Release;
		};
		823505CD209E275E004F1A23 /* Build configuration list for PBXNativeTarget "Twv8f9CoreDataTests" */ = {
			isa = XCConfigurationList;
			buildConfigurations = (
				823505CE209E275E004F1A23 /* Debug */,
				823505CF209E275E004F1A23 /* Release */,
			);
			defaultConfigurationIsVisible = 0;
			defaultConfigurationName = Release;
		};
		823505D0209E275E004F1A23 /* Build configuration list for PBXNativeTarget "Twv8f9CoreDataUITests" */ = {
			isa = XCConfigurationList;
			buildConfigurations = (
				823505D1209E275E004F1A23 /* Debug */,
				823505D2209E275E004F1A23 /* Release */,
			);
			defaultConfigurationIsVisible = 0;
			defaultConfigurationName = Release;
		};
/* End XCConfigurationList section */

/* Begin XCVersionGroup section */
		823505A9209E275B004F1A23 /* Twv8f9CoreData.xcdatamodeld */ = {
			isa = XCVersionGroup;
			children = (
				823505AA209E275B004F1A23 /* Twv8f9CoreData.xcdatamodel */,
			);
			currentVersion = 823505AA209E275B004F1A23 /* Twv8f9CoreData.xcdatamodel */;
			path = Twv8f9CoreData.xcdatamodeld;
			sourceTree = "<group>";
			versionGroupType = wrapper.xcdatamodel;
		};
/* End XCVersionGroup section */
	};
	rootObject = 82350597209E275A004F1A23 /* Project object */;
}
